// !$*UTF8*$!
{
	archiveVersion = 1;
	classes = {
	};
	objectVersion = 60;
	objects = {

/* Begin PBXBuildFile section */
		572FB18E2C3542B4001E1DD1 /* LibraryHandler.swift in Sources */ = {isa = PBXBuildFile; fileRef = 572FB18D2C3542B4001E1DD1 /* LibraryHandler.swift */; };
		575019BB2C2E6A73007FCB43 /* WifiInfoDTO.swift in Sources */ = {isa = PBXBuildFile; fileRef = 575019BA2C2E6A73007FCB43 /* WifiInfoDTO.swift */; };
		575019BD2C2E7017007FCB43 /* IpConfig.swift in Sources */ = {isa = PBXBuildFile; fileRef = 575019BC2C2E7017007FCB43 /* IpConfig.swift */; };
		575019BF2C2E779C007FCB43 /* DnsLookup.swift in Sources */ = {isa = PBXBuildFile; fileRef = 575019BE2C2E779C007FCB43 /* DnsLookup.swift */; };
		575019C12C2E78CD007FCB43 /* PageLoadTimer.swift in Sources */ = {isa = PBXBuildFile; fileRef = 575019C02C2E78CD007FCB43 /* PageLoadTimer.swift */; };
		575019C32C2E7A1C007FCB43 /* PingICMP.swift in Sources */ = {isa = PBXBuildFile; fileRef = 575019C22C2E7A1C007FCB43 /* PingICMP.swift */; };
		575019C52C2E7AA4007FCB43 /* PortScan.swift in Sources */ = {isa = PBXBuildFile; fileRef = 575019C42C2E7AA4007FCB43 /* PortScan.swift */; };
		575019C72C2E7B70007FCB43 /* Traceroute.swift in Sources */ = {isa = PBXBuildFile; fileRef = 575019C62C2E7B70007FCB43 /* Traceroute.swift */; };
		57566ACD2C115F5800EABAC3 /* PingDTO.swift in Sources */ = {isa = PBXBuildFile; fileRef = 57566ACC2C115F5800EABAC3 /* PingDTO.swift */; };
		57566ACF2C115F6800EABAC3 /* TraceHopDTO.swift in Sources */ = {isa = PBXBuildFile; fileRef = 57566ACE2C115F6800EABAC3 /* TraceHopDTO.swift */; };
		57566AD12C11610700EABAC3 /* PingService.swift in Sources */ = {isa = PBXBuildFile; fileRef = 57566AD02C11610700EABAC3 /* PingService.swift */; };
		57566AD32C1161DC00EABAC3 /* DnsLookUpService.swift in Sources */ = {isa = PBXBuildFile; fileRef = 57566AD22C1161DC00EABAC3 /* DnsLookUpService.swift */; };
		57566AD72C11724000EABAC3 /* PageLoadDTO.swift in Sources */ = {isa = PBXBuildFile; fileRef = 57566AD62C11724000EABAC3 /* PageLoadDTO.swift */; };
		57566AD92C11725000EABAC3 /* PageLoadService.swift in Sources */ = {isa = PBXBuildFile; fileRef = 57566AD82C11725000EABAC3 /* PageLoadService.swift */; };
		57566ADD2C1802B700EABAC3 /* TracerouteService.swift in Sources */ = {isa = PBXBuildFile; fileRef = 57566ADC2C1802B700EABAC3 /* TracerouteService.swift */; };
		57566ADF2C18030400EABAC3 /* PortScanService.swift in Sources */ = {isa = PBXBuildFile; fileRef = 57566ADE2C18030400EABAC3 /* PortScanService.swift */; };
		575CE0062C350AE200F7620A /* PortDTO.swift in Sources */ = {isa = PBXBuildFile; fileRef = 575CE0052C350AE200F7620A /* PortDTO.swift */; };
		579FD2C32C0F129400021973 /* PTNetFramework.docc in Sources */ = {isa = PBXBuildFile; fileRef = 579FD2C22C0F129400021973 /* PTNetFramework.docc */; };
		579FD2C42C0F129400021973 /* PTNetFramework.h in Headers */ = {isa = PBXBuildFile; fileRef = 579FD2C12C0F129400021973 /* PTNetFramework.h */; settings = {ATTRIBUTES = (Public, ); }; };
		579FD2CC2C0F12E000021973 /* IpConfigService.swift in Sources */ = {isa = PBXBuildFile; fileRef = 579FD2CB2C0F12E000021973 /* IpConfigService.swift */; };
		579FD2CF2C0F135E00021973 /* NetDiagnosis in Frameworks */ = {isa = PBXBuildFile; productRef = 579FD2CE2C0F135E00021973 /* NetDiagnosis */; };
		579FD2D12C0F135E00021973 /* RxNetDiagnosis in Frameworks */ = {isa = PBXBuildFile; productRef = 579FD2D02C0F135E00021973 /* RxNetDiagnosis */; };
		57C426292C35E012009FE37A /* ObjectDataDTO.swift in Sources */ = {isa = PBXBuildFile; fileRef = 57C426282C35E012009FE37A /* ObjectDataDTO.swift */; };
/* End PBXBuildFile section */

/* Begin PBXFileReference section */
		572FB18D2C3542B4001E1DD1 /* LibraryHandler.swift */ = {isa = PBXFileReference; lastKnownFileType = sourcecode.swift; path = LibraryHandler.swift; sourceTree = "<group>"; };
		575019BA2C2E6A73007FCB43 /* WifiInfoDTO.swift */ = {isa = PBXFileReference; lastKnownFileType = sourcecode.swift; path = WifiInfoDTO.swift; sourceTree = "<group>"; };
		575019BC2C2E7017007FCB43 /* IpConfig.swift */ = {isa = PBXFileReference; lastKnownFileType = sourcecode.swift; path = IpConfig.swift; sourceTree = "<group>"; };
		575019BE2C2E779C007FCB43 /* DnsLookup.swift */ = {isa = PBXFileReference; lastKnownFileType = sourcecode.swift; path = DnsLookup.swift; sourceTree = "<group>"; };
		575019C02C2E78CD007FCB43 /* PageLoadTimer.swift */ = {isa = PBXFileReference; lastKnownFileType = sourcecode.swift; path = PageLoadTimer.swift; sourceTree = "<group>"; };
		575019C22C2E7A1C007FCB43 /* PingICMP.swift */ = {isa = PBXFileReference; lastKnownFileType = sourcecode.swift; path = PingICMP.swift; sourceTree = "<group>"; };
		575019C42C2E7AA4007FCB43 /* PortScan.swift */ = {isa = PBXFileReference; lastKnownFileType = sourcecode.swift; path = PortScan.swift; sourceTree = "<group>"; };
		575019C62C2E7B70007FCB43 /* Traceroute.swift */ = {isa = PBXFileReference; lastKnownFileType = sourcecode.swift; path = Traceroute.swift; sourceTree = "<group>"; };
		57566ACC2C115F5800EABAC3 /* PingDTO.swift */ = {isa = PBXFileReference; lastKnownFileType = sourcecode.swift; path = PingDTO.swift; sourceTree = "<group>"; };
		57566ACE2C115F6800EABAC3 /* TraceHopDTO.swift */ = {isa = PBXFileReference; lastKnownFileType = sourcecode.swift; path = TraceHopDTO.swift; sourceTree = "<group>"; };
		57566AD02C11610700EABAC3 /* PingService.swift */ = {isa = PBXFileReference; lastKnownFileType = sourcecode.swift; path = PingService.swift; sourceTree = "<group>"; };
		57566AD22C1161DC00EABAC3 /* DnsLookUpService.swift */ = {isa = PBXFileReference; lastKnownFileType = sourcecode.swift; path = DnsLookUpService.swift; sourceTree = "<group>"; };
		57566AD62C11724000EABAC3 /* PageLoadDTO.swift */ = {isa = PBXFileReference; lastKnownFileType = sourcecode.swift; path = PageLoadDTO.swift; sourceTree = "<group>"; };
		57566AD82C11725000EABAC3 /* PageLoadService.swift */ = {isa = PBXFileReference; lastKnownFileType = sourcecode.swift; path = PageLoadService.swift; sourceTree = "<group>"; };
		57566ADC2C1802B700EABAC3 /* TracerouteService.swift */ = {isa = PBXFileReference; lastKnownFileType = sourcecode.swift; path = TracerouteService.swift; sourceTree = "<group>"; };
		57566ADE2C18030400EABAC3 /* PortScanService.swift */ = {isa = PBXFileReference; lastKnownFileType = sourcecode.swift; path = PortScanService.swift; sourceTree = "<group>"; };
		575CE0052C350AE200F7620A /* PortDTO.swift */ = {isa = PBXFileReference; lastKnownFileType = sourcecode.swift; path = PortDTO.swift; sourceTree = "<group>"; };
		579FD2BE2C0F129400021973 /* PTNetFramework.framework */ = {isa = PBXFileReference; explicitFileType = wrapper.framework; includeInIndex = 0; path = PTNetFramework.framework; sourceTree = BUILT_PRODUCTS_DIR; };
		579FD2C12C0F129400021973 /* PTNetFramework.h */ = {isa = PBXFileReference; lastKnownFileType = sourcecode.c.h; path = PTNetFramework.h; sourceTree = "<group>"; };
		579FD2C22C0F129400021973 /* PTNetFramework.docc */ = {isa = PBXFileReference; lastKnownFileType = folder.documentationcatalog; path = PTNetFramework.docc; sourceTree = "<group>"; };
		579FD2CB2C0F12E000021973 /* IpConfigService.swift */ = {isa = PBXFileReference; lastKnownFileType = sourcecode.swift; path = IpConfigService.swift; sourceTree = "<group>"; };
		57C426282C35E012009FE37A /* ObjectDataDTO.swift */ = {isa = PBXFileReference; lastKnownFileType = sourcecode.swift; path = ObjectDataDTO.swift; sourceTree = "<group>"; };
/* End PBXFileReference section */

/* Begin PBXFrameworksBuildPhase section */
		579FD2BB2C0F129400021973 /* Frameworks */ = {
			isa = PBXFrameworksBuildPhase;
			buildActionMask = 2147483647;
			files = (
				579FD2D12C0F135E00021973 /* RxNetDiagnosis in Frameworks */,
				579FD2CF2C0F135E00021973 /* NetDiagnosis in Frameworks */,
			);
			runOnlyForDeploymentPostprocessing = 0;
		};
/* End PBXFrameworksBuildPhase section */

/* Begin PBXGroup section */
		5720118C2C291EC600D1D332 /* Frameworks */ = {
			isa = PBXGroup;
			children = (
			);
			name = Frameworks;
			sourceTree = "<group>";
		};
		575019B92C2E6A23007FCB43 /* controller */ = {
			isa = PBXGroup;
			children = (
				575019BC2C2E7017007FCB43 /* IpConfig.swift */,
				575019C22C2E7A1C007FCB43 /* PingICMP.swift */,
				575019C02C2E78CD007FCB43 /* PageLoadTimer.swift */,
				575019BE2C2E779C007FCB43 /* DnsLookup.swift */,
				575019C42C2E7AA4007FCB43 /* PortScan.swift */,
				575019C62C2E7B70007FCB43 /* Traceroute.swift */,
			);
			path = controller;
			sourceTree = "<group>";
		};
		57566ACB2C115F2E00EABAC3 /* dto */ = {
			isa = PBXGroup;
			children = (
				575019BA2C2E6A73007FCB43 /* WifiInfoDTO.swift */,
				57566AD62C11724000EABAC3 /* PageLoadDTO.swift */,
				57566ACC2C115F5800EABAC3 /* PingDTO.swift */,
				57566ACE2C115F6800EABAC3 /* TraceHopDTO.swift */,
				575CE0052C350AE200F7620A /* PortDTO.swift */,
				57C426282C35E012009FE37A /* ObjectDataDTO.swift */,
			);
			path = dto;
			sourceTree = "<group>";
		};
		579FD2B42C0F129400021973 = {
			isa = PBXGroup;
			children = (
				579FD2C02C0F129400021973 /* PTNetFramework */,
				579FD2BF2C0F129400021973 /* Products */,
				5720118C2C291EC600D1D332 /* Frameworks */,
			);
			sourceTree = "<group>";
		};
		579FD2BF2C0F129400021973 /* Products */ = {
			isa = PBXGroup;
			children = (
				579FD2BE2C0F129400021973 /* PTNetFramework.framework */,
			);
			name = Products;
			sourceTree = "<group>";
		};
		579FD2C02C0F129400021973 /* PTNetFramework */ = {
			isa = PBXGroup;
			children = (
				575019B92C2E6A23007FCB43 /* controller */,
				57566ACB2C115F2E00EABAC3 /* dto */,
				579FD2CA2C0F12CE00021973 /* services */,
				579FD2C12C0F129400021973 /* PTNetFramework.h */,
				579FD2C22C0F129400021973 /* PTNetFramework.docc */,
				572FB18D2C3542B4001E1DD1 /* LibraryHandler.swift */,
			);
			path = PTNetFramework;
			sourceTree = "<group>";
		};
		579FD2CA2C0F12CE00021973 /* services */ = {
			isa = PBXGroup;
			children = (
				579FD2CB2C0F12E000021973 /* IpConfigService.swift */,
				57566AD02C11610700EABAC3 /* PingService.swift */,
				57566AD22C1161DC00EABAC3 /* DnsLookUpService.swift */,
				57566AD82C11725000EABAC3 /* PageLoadService.swift */,
				57566ADC2C1802B700EABAC3 /* TracerouteService.swift */,
				57566ADE2C18030400EABAC3 /* PortScanService.swift */,
			);
			path = services;
			sourceTree = "<group>";
		};
/* End PBXGroup section */

/* Begin PBXHeadersBuildPhase section */
		579FD2B92C0F129400021973 /* Headers */ = {
			isa = PBXHeadersBuildPhase;
			buildActionMask = 2147483647;
			files = (
				579FD2C42C0F129400021973 /* PTNetFramework.h in Headers */,
			);
			runOnlyForDeploymentPostprocessing = 0;
		};
/* End PBXHeadersBuildPhase section */

/* Begin PBXNativeTarget section */
		579FD2BD2C0F129400021973 /* PTNetFramework */ = {
			isa = PBXNativeTarget;
			buildConfigurationList = 579FD2C72C0F129400021973 /* Build configuration list for PBXNativeTarget "PTNetFramework" */;
			buildPhases = (
				579FD2B92C0F129400021973 /* Headers */,
				579FD2BA2C0F129400021973 /* Sources */,
				579FD2BB2C0F129400021973 /* Frameworks */,
				579FD2BC2C0F129400021973 /* Resources */,
			);
			buildRules = (
			);
			dependencies = (
			);
			name = PTNetFramework;
			packageProductDependencies = (
				579FD2CE2C0F135E00021973 /* NetDiagnosis */,
				579FD2D02C0F135E00021973 /* RxNetDiagnosis */,
			);
			productName = PTNetFramework;
			productReference = 579FD2BE2C0F129400021973 /* PTNetFramework.framework */;
			productType = "com.apple.product-type.framework";
		};
/* End PBXNativeTarget section */

/* Begin PBXProject section */
		579FD2B52C0F129400021973 /* Project object */ = {
			isa = PBXProject;
			attributes = {
				BuildIndependentTargetsInParallel = 1;
				LastUpgradeCheck = 1530;
				TargetAttributes = {
					579FD2BD2C0F129400021973 = {
						CreatedOnToolsVersion = 15.3;
					};
				};
			};
			buildConfigurationList = 579FD2B82C0F129400021973 /* Build configuration list for PBXProject "PTNetFramework" */;
			compatibilityVersion = "Xcode 14.0";
			developmentRegion = en;
			hasScannedForEncodings = 0;
			knownRegions = (
				en,
				Base,
			);
			mainGroup = 579FD2B42C0F129400021973;
			packageReferences = (
				579FD2CD2C0F135E00021973 /* XCLocalSwiftPackageReference "externallibs/netdiagnosis/NetDiagnosis" */,
			);
			productRefGroup = 579FD2BF2C0F129400021973 /* Products */;
			projectDirPath = "";
			projectRoot = "";
			targets = (
				579FD2BD2C0F129400021973 /* PTNetFramework */,
			);
		};
/* End PBXProject section */

/* Begin PBXResourcesBuildPhase section */
		579FD2BC2C0F129400021973 /* Resources */ = {
			isa = PBXResourcesBuildPhase;
			buildActionMask = 2147483647;
			files = (
			);
			runOnlyForDeploymentPostprocessing = 0;
		};
/* End PBXResourcesBuildPhase section */

/* Begin PBXSourcesBuildPhase section */
		579FD2BA2C0F129400021973 /* Sources */ = {
			isa = PBXSourcesBuildPhase;
			buildActionMask = 2147483647;
			files = (
				575019C32C2E7A1C007FCB43 /* PingICMP.swift in Sources */,
				575019C12C2E78CD007FCB43 /* PageLoadTimer.swift in Sources */,
				57566AD72C11724000EABAC3 /* PageLoadDTO.swift in Sources */,
				575019C52C2E7AA4007FCB43 /* PortScan.swift in Sources */,
				579FD2CC2C0F12E000021973 /* IpConfigService.swift in Sources */,
				575019BF2C2E779C007FCB43 /* DnsLookup.swift in Sources */,
				57566AD32C1161DC00EABAC3 /* DnsLookUpService.swift in Sources */,
				57566ADD2C1802B700EABAC3 /* TracerouteService.swift in Sources */,
				57566ACF2C115F6800EABAC3 /* TraceHopDTO.swift in Sources */,
				57566ADF2C18030400EABAC3 /* PortScanService.swift in Sources */,
				575CE0062C350AE200F7620A /* PortDTO.swift in Sources */,
				57566ACD2C115F5800EABAC3 /* PingDTO.swift in Sources */,
				575019BB2C2E6A73007FCB43 /* WifiInfoDTO.swift in Sources */,
				575019BD2C2E7017007FCB43 /* IpConfig.swift in Sources */,
				575019C72C2E7B70007FCB43 /* Traceroute.swift in Sources */,
				579FD2C32C0F129400021973 /* PTNetFramework.docc in Sources */,
				572FB18E2C3542B4001E1DD1 /* LibraryHandler.swift in Sources */,
				57566AD92C11725000EABAC3 /* PageLoadService.swift in Sources */,
				57C426292C35E012009FE37A /* ObjectDataDTO.swift in Sources */,
				57566AD12C11610700EABAC3 /* PingService.swift in Sources */,
			);
			runOnlyForDeploymentPostprocessing = 0;
		};
/* End PBXSourcesBuildPhase section */

/* Begin XCBuildConfiguration section */
		579FD2C52C0F129400021973 /* Debug */ = {
			isa = XCBuildConfiguration;
			buildSettings = {
				ALWAYS_SEARCH_USER_PATHS = NO;
				ASSETCATALOG_COMPILER_GENERATE_SWIFT_ASSET_SYMBOL_EXTENSIONS = YES;
				CLANG_ANALYZER_NONNULL = YES;
				CLANG_ANALYZER_NUMBER_OBJECT_CONVERSION = YES_AGGRESSIVE;
				CLANG_CXX_LANGUAGE_STANDARD = "gnu++20";
				CLANG_ENABLE_MODULES = YES;
				CLANG_ENABLE_OBJC_ARC = YES;
				CLANG_ENABLE_OBJC_WEAK = YES;
				CLANG_WARN_BLOCK_CAPTURE_AUTORELEASING = YES;
				CLANG_WARN_BOOL_CONVERSION = YES;
				CLANG_WARN_COMMA = YES;
				CLANG_WARN_CONSTANT_CONVERSION = YES;
				CLANG_WARN_DEPRECATED_OBJC_IMPLEMENTATIONS = YES;
				CLANG_WARN_DIRECT_OBJC_ISA_USAGE = YES_ERROR;
				CLANG_WARN_DOCUMENTATION_COMMENTS = YES;
				CLANG_WARN_EMPTY_BODY = YES;
				CLANG_WARN_ENUM_CONVERSION = YES;
				CLANG_WARN_INFINITE_RECURSION = YES;
				CLANG_WARN_INT_CONVERSION = YES;
				CLANG_WARN_NON_LITERAL_NULL_CONVERSION = YES;
				CLANG_WARN_OBJC_IMPLICIT_RETAIN_SELF = YES;
				CLANG_WARN_OBJC_LITERAL_CONVERSION = YES;
				CLANG_WARN_OBJC_ROOT_CLASS = YES_ERROR;
				CLANG_WARN_QUOTED_INCLUDE_IN_FRAMEWORK_HEADER = YES;
				CLANG_WARN_RANGE_LOOP_ANALYSIS = YES;
				CLANG_WARN_STRICT_PROTOTYPES = YES;
				CLANG_WARN_SUSPICIOUS_MOVE = YES;
				CLANG_WARN_UNGUARDED_AVAILABILITY = YES_AGGRESSIVE;
				CLANG_WARN_UNREACHABLE_CODE = YES;
				CLANG_WARN__DUPLICATE_METHOD_MATCH = YES;
				COPY_PHASE_STRIP = NO;
				CURRENT_PROJECT_VERSION = 1;
				DEBUG_INFORMATION_FORMAT = dwarf;
				ENABLE_STRICT_OBJC_MSGSEND = YES;
				ENABLE_TESTABILITY = YES;
				ENABLE_USER_SCRIPT_SANDBOXING = YES;
				GCC_C_LANGUAGE_STANDARD = gnu17;
				GCC_DYNAMIC_NO_PIC = NO;
				GCC_NO_COMMON_BLOCKS = YES;
				GCC_OPTIMIZATION_LEVEL = 0;
				GCC_PREPROCESSOR_DEFINITIONS = (
					"DEBUG=1",
					"$(inherited)",
				);
				GCC_WARN_64_TO_32_BIT_CONVERSION = YES;
				GCC_WARN_ABOUT_RETURN_TYPE = YES_ERROR;
				GCC_WARN_UNDECLARED_SELECTOR = YES;
				GCC_WARN_UNINITIALIZED_AUTOS = YES_AGGRESSIVE;
				GCC_WARN_UNUSED_FUNCTION = YES;
				GCC_WARN_UNUSED_VARIABLE = YES;
				IPHONEOS_DEPLOYMENT_TARGET = 17.4;
				LOCALIZATION_PREFERS_STRING_CATALOGS = YES;
				MTL_ENABLE_DEBUG_INFO = INCLUDE_SOURCE;
				MTL_FAST_MATH = YES;
				ONLY_ACTIVE_ARCH = YES;
				SDKROOT = iphoneos;
				SWIFT_ACTIVE_COMPILATION_CONDITIONS = "DEBUG $(inherited)";
				SWIFT_OPTIMIZATION_LEVEL = "-Onone";
				VERSIONING_SYSTEM = "apple-generic";
				VERSION_INFO_PREFIX = "";
			};
			name = Debug;
		};
		579FD2C62C0F129400021973 /* Release */ = {
			isa = XCBuildConfiguration;
			buildSettings = {
				ALWAYS_SEARCH_USER_PATHS = NO;
				ASSETCATALOG_COMPILER_GENERATE_SWIFT_ASSET_SYMBOL_EXTENSIONS = YES;
				CLANG_ANALYZER_NONNULL = YES;
				CLANG_ANALYZER_NUMBER_OBJECT_CONVERSION = YES_AGGRESSIVE;
				CLANG_CXX_LANGUAGE_STANDARD = "gnu++20";
				CLANG_ENABLE_MODULES = YES;
				CLANG_ENABLE_OBJC_ARC = YES;
				CLANG_ENABLE_OBJC_WEAK = YES;
				CLANG_WARN_BLOCK_CAPTURE_AUTORELEASING = YES;
				CLANG_WARN_BOOL_CONVERSION = YES;
				CLANG_WARN_COMMA = YES;
				CLANG_WARN_CONSTANT_CONVERSION = YES;
				CLANG_WARN_DEPRECATED_OBJC_IMPLEMENTATIONS = YES;
				CLANG_WARN_DIRECT_OBJC_ISA_USAGE = YES_ERROR;
				CLANG_WARN_DOCUMENTATION_COMMENTS = YES;
				CLANG_WARN_EMPTY_BODY = YES;
				CLANG_WARN_ENUM_CONVERSION = YES;
				CLANG_WARN_INFINITE_RECURSION = YES;
				CLANG_WARN_INT_CONVERSION = YES;
				CLANG_WARN_NON_LITERAL_NULL_CONVERSION = YES;
				CLANG_WARN_OBJC_IMPLICIT_RETAIN_SELF = YES;
				CLANG_WARN_OBJC_LITERAL_CONVERSION = YES;
				CLANG_WARN_OBJC_ROOT_CLASS = YES_ERROR;
				CLANG_WARN_QUOTED_INCLUDE_IN_FRAMEWORK_HEADER = YES;
				CLANG_WARN_RANGE_LOOP_ANALYSIS = YES;
				CLANG_WARN_STRICT_PROTOTYPES = YES;
				CLANG_WARN_SUSPICIOUS_MOVE = YES;
				CLANG_WARN_UNGUARDED_AVAILABILITY = YES_AGGRESSIVE;
				CLANG_WARN_UNREACHABLE_CODE = YES;
				CLANG_WARN__DUPLICATE_METHOD_MATCH = YES;
				COPY_PHASE_STRIP = NO;
				CURRENT_PROJECT_VERSION = 1;
				DEBUG_INFORMATION_FORMAT = "dwarf-with-dsym";
				ENABLE_NS_ASSERTIONS = NO;
				ENABLE_STRICT_OBJC_MSGSEND = YES;
				ENABLE_USER_SCRIPT_SANDBOXING = YES;
				GCC_C_LANGUAGE_STANDARD = gnu17;
				GCC_NO_COMMON_BLOCKS = YES;
				GCC_WARN_64_TO_32_BIT_CONVERSION = YES;
				GCC_WARN_ABOUT_RETURN_TYPE = YES_ERROR;
				GCC_WARN_UNDECLARED_SELECTOR = YES;
				GCC_WARN_UNINITIALIZED_AUTOS = YES_AGGRESSIVE;
				GCC_WARN_UNUSED_FUNCTION = YES;
				GCC_WARN_UNUSED_VARIABLE = YES;
				IPHONEOS_DEPLOYMENT_TARGET = 17.4;
				LOCALIZATION_PREFERS_STRING_CATALOGS = YES;
				MTL_ENABLE_DEBUG_INFO = NO;
				MTL_FAST_MATH = YES;
				SDKROOT = iphoneos;
				SWIFT_COMPILATION_MODE = wholemodule;
				VALIDATE_PRODUCT = YES;
				VERSIONING_SYSTEM = "apple-generic";
				VERSION_INFO_PREFIX = "";
			};
			name = Release;
		};
		579FD2C82C0F129400021973 /* Debug */ = {
			isa = XCBuildConfiguration;
			buildSettings = {
				BUILD_LIBRARY_FOR_DISTRIBUTION = YES;
				CODE_SIGN_STYLE = Automatic;
				CURRENT_PROJECT_VERSION = 1;
				DEFINES_MODULE = YES;
				DEVELOPMENT_TEAM = 2B22MVT5PX;
				DYLIB_COMPATIBILITY_VERSION = 1;
				DYLIB_CURRENT_VERSION = 1;
				DYLIB_INSTALL_NAME_BASE = "@rpath";
				ENABLE_MODULE_VERIFIER = YES;
				FRAMEWORK_SEARCH_PATHS = (
					"$(inherited)",
					"$(PROJECT_DIR)/Frameworks",
				);
				GENERATE_INFOPLIST_FILE = YES;
				INFOPLIST_KEY_NSHumanReadableCopyright = "";
				INSTALL_PATH = "$(LOCAL_LIBRARY_DIR)/Frameworks";
				IPHONEOS_DEPLOYMENT_TARGET = 14.0;
				LD_RUNPATH_SEARCH_PATHS = (
					"$(inherited)",
					"@executable_path/Frameworks",
					"@loader_path/Frameworks",
				);
				MARKETING_VERSION = 1.0;
				MODULE_VERIFIER_SUPPORTED_LANGUAGES = "objective-c objective-c++";
				MODULE_VERIFIER_SUPPORTED_LANGUAGE_STANDARDS = "gnu17 gnu++20";
				PRODUCT_BUNDLE_IDENTIFIER = com.ftel.PTNetFramework;
				PRODUCT_NAME = "$(TARGET_NAME:c99extidentifier)";
				SKIP_INSTALL = YES;
				SUPPORTED_PLATFORMS = "iphoneos iphonesimulator";
				SUPPORTS_MACCATALYST = YES;
				SUPPORTS_MAC_DESIGNED_FOR_IPHONE_IPAD = YES;
				SUPPORTS_XR_DESIGNED_FOR_IPHONE_IPAD = YES;
				SWIFT_EMIT_LOC_STRINGS = YES;
				SWIFT_INSTALL_OBJC_HEADER = NO;
				SWIFT_VERSION = 5.0;
				TARGETED_DEVICE_FAMILY = "1,2,6";
			};
			name = Debug;
		};
		579FD2C92C0F129400021973 /* Release */ = {
			isa = XCBuildConfiguration;
			buildSettings = {
				BUILD_LIBRARY_FOR_DISTRIBUTION = YES;
				CODE_SIGN_STYLE = Automatic;
				CURRENT_PROJECT_VERSION = 1;
				DEFINES_MODULE = YES;
				DEVELOPMENT_TEAM = 2B22MVT5PX;
				DYLIB_COMPATIBILITY_VERSION = 1;
				DYLIB_CURRENT_VERSION = 1;
				DYLIB_INSTALL_NAME_BASE = "@rpath";
				ENABLE_MODULE_VERIFIER = YES;
				FRAMEWORK_SEARCH_PATHS = (
					"$(inherited)",
					"$(PROJECT_DIR)/Frameworks",
				);
				GENERATE_INFOPLIST_FILE = YES;
				INFOPLIST_KEY_NSHumanReadableCopyright = "";
				INSTALL_PATH = "$(LOCAL_LIBRARY_DIR)/Frameworks";
				IPHONEOS_DEPLOYMENT_TARGET = 14.0;
				LD_RUNPATH_SEARCH_PATHS = (
					"$(inherited)",
					"@executable_path/Frameworks",
					"@loader_path/Frameworks",
				);
				MARKETING_VERSION = 1.0;
				MODULE_VERIFIER_SUPPORTED_LANGUAGES = "objective-c objective-c++";
				MODULE_VERIFIER_SUPPORTED_LANGUAGE_STANDARDS = "gnu17 gnu++20";
				PRODUCT_BUNDLE_IDENTIFIER = com.ftel.PTNetFramework;
				PRODUCT_NAME = "$(TARGET_NAME:c99extidentifier)";
				SKIP_INSTALL = YES;
				SUPPORTED_PLATFORMS = "iphoneos iphonesimulator";
				SUPPORTS_MACCATALYST = YES;
				SUPPORTS_MAC_DESIGNED_FOR_IPHONE_IPAD = YES;
				SUPPORTS_XR_DESIGNED_FOR_IPHONE_IPAD = YES;
				SWIFT_EMIT_LOC_STRINGS = YES;
				SWIFT_INSTALL_OBJC_HEADER = NO;
				SWIFT_VERSION = 5.0;
				TARGETED_DEVICE_FAMILY = "1,2,6";
			};
			name = Release;
		};
/* End XCBuildConfiguration section */

/* Begin XCConfigurationList section */
		579FD2B82C0F129400021973 /* Build configuration list for PBXProject "PTNetFramework" */ = {
			isa = XCConfigurationList;
			buildConfigurations = (
				579FD2C52C0F129400021973 /* Debug */,
				579FD2C62C0F129400021973 /* Release */,
			);
			defaultConfigurationIsVisible = 0;
			defaultConfigurationName = Release;
		};
		579FD2C72C0F129400021973 /* Build configuration list for PBXNativeTarget "PTNetFramework" */ = {
			isa = XCConfigurationList;
			buildConfigurations = (
				579FD2C82C0F129400021973 /* Debug */,
				579FD2C92C0F129400021973 /* Release */,
			);
			defaultConfigurationIsVisible = 0;
			defaultConfigurationName = Release;
		};
/* End XCConfigurationList section */

/* Begin XCLocalSwiftPackageReference section */
		579FD2CD2C0F135E00021973 /* XCLocalSwiftPackageReference "externallibs/netdiagnosis/NetDiagnosis" */ = {
			isa = XCLocalSwiftPackageReference;
			relativePath = externallibs/netdiagnosis/NetDiagnosis;
		};
/* End XCLocalSwiftPackageReference section */

/* Begin XCSwiftPackageProductDependency section */
		579FD2CE2C0F135E00021973 /* NetDiagnosis */ = {
			isa = XCSwiftPackageProductDependency;
			productName = NetDiagnosis;
		};
		579FD2D02C0F135E00021973 /* RxNetDiagnosis */ = {
			isa = XCSwiftPackageProductDependency;
			productName = RxNetDiagnosis;
		};
/* End XCSwiftPackageProductDependency section */
	};
	rootObject = 579FD2B52C0F129400021973 /* Project object */;
}
